
Microsoft Visual Studio Solution File, Format Version 12.00
# Visual Studio Version 16
VisualStudioVersion = 16.0.28922.388
MinimumVisualStudioVersion = 10.0.40219.1
Project("{FAE04EC0-301F-11D3-BF4B-00C04F79EFBC}") = "RecordShims", "RecordShims\RecordShims.csproj", "{09E7EFD7-4F50-4BAC-9C63-7DA1E681FFED}"
EndProject
Project("{FAE04EC0-301F-11D3-BF4B-00C04F79EFBC}") = "RecordShims.Tests", "RecordShims.Tests\RecordShims.Tests.csproj", "{D382B609-7278-4FC2-A512-B5E83B8AFCB7}"
EndProject
Global
	GlobalSection(SolutionConfigurationPlatforms) = preSolution
		Debug|Any CPU = Debug|Any CPU
		Release|Any CPU = Release|Any CPU
	EndGlobalSection
	GlobalSection(ProjectConfigurationPlatforms) = postSolution
		{09E7EFD7-4F50-4BAC-9C63-7DA1E681FFED}.Debug|Any CPU.ActiveCfg = Debug|Any CPU
		{09E7EFD7-4F50-4BAC-9C63-7DA1E681FFED}.Debug|Any CPU.Build.0 = Debug|Any CPU
		{09E7EFD7-4F50-4BAC-9C63-7DA1E681FFED}.Release|Any CPU.ActiveCfg = Release|Any CPU
		{09E7EFD7-4F50-4BAC-9C63-7DA1E681FFED}.Release|Any CPU.Build.0 = Release|Any CPU
		{D382B609-7278-4FC2-A512-B5E83B8AFCB7}.Debug|Any CPU.ActiveCfg = Debug|Any CPU
		{D382B609-7278-4FC2-A512-B5E83B8AFCB7}.Debug|Any CPU.Build.0 = Debug|Any CPU
		{D382B609-7278-4FC2-A512-B5E83B8AFCB7}.Release|Any CPU.ActiveCfg = Release|Any CPU
		{D382B609-7278-4FC2-A512-B5E83B8AFCB7}.Release|Any CPU.Build.0 = Release|Any CPU
	EndGlobalSection
	GlobalSection(SolutionProperties) = preSolution
		HideSolutionNode = FALSE
	EndGlobalSection
	GlobalSection(ExtensibilityGlobals) = postSolution
		SolutionGuid = {665CCE4B-B2F9-4FCB-955C-468105FB1FBC}
	EndGlobalSection
EndGlobal
